
Microsoft Visual Studio Solution File, Format Version 12.00
# Visual Studio Version 16
VisualStudioVersion = 16.0.30225.117
MinimumVisualStudioVersion = 10.0.40219.1
Project("{888888A0-9F3D-457C-B088-3A5042F75D52}") = "FCTRL3", "FCTRL3\FCTRL3.pyproj", "{42D209CB-EEE7-4EF9-9AAA-17B124F5A688}"
EndProject
Global
	GlobalSection(SolutionConfigurationPlatforms) = preSolution
		Debug|Any CPU = Debug|Any CPU
		Release|Any CPU = Release|Any CPU
	EndGlobalSection
	GlobalSection(ProjectConfigurationPlatforms) = postSolution
		{42D209CB-EEE7-4EF9-9AAA-17B124F5A688}.Debug|Any CPU.ActiveCfg = Debug|Any CPU
		{42D209CB-EEE7-4EF9-9AAA-17B124F5A688}.Release|Any CPU.ActiveCfg = Release|Any CPU
	EndGlobalSection
	GlobalSection(SolutionProperties) = preSolution
		HideSolutionNode = FALSE
	EndGlobalSection
	GlobalSection(ExtensibilityGlobals) = postSolution
		SolutionGuid = {3B8BFF4D-875C-44FF-8F48-445D483B8FD1}
	EndGlobalSection
EndGlobal
